
Microsoft Visual Studio Solution File, Format Version 12.00
# Visual Studio Version 16
VisualStudioVersion = 16.0.29609.76
MinimumVisualStudioVersion = 10.0.40219.1
Project("{FAE04EC0-301F-11D3-BF4B-00C04F79EFBC}") = "testText", "testText\testText.csproj", "{874BB822-42D6-41F1-96C3-8D47A31BC855}"
EndProject
Global
	GlobalSection(SolutionConfigurationPlatforms) = preSolution
		Debug|Any CPU = Debug|Any CPU
		Release|Any CPU = Release|Any CPU
	EndGlobalSection
	GlobalSection(ProjectConfigurationPlatforms) = postSolution
		{874BB822-42D6-41F1-96C3-8D47A31BC855}.Debug|Any CPU.ActiveCfg = Debug|Any CPU
		{874BB822-42D6-41F1-96C3-8D47A31BC855}.Debug|Any CPU.Build.0 = Debug|Any CPU
		{874BB822-42D6-41F1-96C3-8D47A31BC855}.Release|Any CPU.ActiveCfg = Release|Any CPU
		{874BB822-42D6-41F1-96C3-8D47A31BC855}.Release|Any CPU.Build.0 = Release|Any CPU
	EndGlobalSection
	GlobalSection(SolutionProperties) = preSolution
		HideSolutionNode = FALSE
	EndGlobalSection
	GlobalSection(ExtensibilityGlobals) = postSolution
		SolutionGuid = {9A4C875B-5431-4F62-B761-B5D928628B23}
	EndGlobalSection
EndGlobal
